
Microsoft Visual Studio Solution File, Format Version 12.00
# Visual Studio Version 16
VisualStudioVersion = 16.0.30011.22
MinimumVisualStudioVersion = 10.0.40219.1
Project("{FAE04EC0-301F-11D3-BF4B-00C04F79EFBC}") = "CarGalleryApp", "CarGalleryApp\CarGalleryApp.csproj", "{6ECA4AE3-5AD3-472E-B240-8AFD9723E6CB}"
EndProject
Global
	GlobalSection(SolutionConfigurationPlatforms) = preSolution
		Debug|Any CPU = Debug|Any CPU
		Release|Any CPU = Release|Any CPU
	EndGlobalSection
	GlobalSection(ProjectConfigurationPlatforms) = postSolution
		{6ECA4AE3-5AD3-472E-B240-8AFD9723E6CB}.Debug|Any CPU.ActiveCfg = Debug|Any CPU
		{6ECA4AE3-5AD3-472E-B240-8AFD9723E6CB}.Debug|Any CPU.Build.0 = Debug|Any CPU
		{6ECA4AE3-5AD3-472E-B240-8AFD9723E6CB}.Release|Any CPU.ActiveCfg = Release|Any CPU
		{6ECA4AE3-5AD3-472E-B240-8AFD9723E6CB}.Release|Any CPU.Build.0 = Release|Any CPU
	EndGlobalSection
	GlobalSection(SolutionProperties) = preSolution
		HideSolutionNode = FALSE
	EndGlobalSection
	GlobalSection(ExtensibilityGlobals) = postSolution
		SolutionGuid = {DCF0E050-905D-4BAC-BF57-C9FAA2E1F670}
	EndGlobalSection
EndGlobal
